
Microsoft Visual Studio Solution File, Format Version 12.00
# Visual Studio Version 16
VisualStudioVersion = 16.0.31205.134
MinimumVisualStudioVersion = 10.0.40219.1
Project("{00D1A9C2-B5F0-4AF3-8072-F6C62B433612}") = "scdRpGenerator", "scdRpGenerator\scdRpGenerator.sqlproj", "{5FD7CDE2-2C10-42CE-987D-11BC66283045}"
EndProject
Project("{00D1A9C2-B5F0-4AF3-8072-F6C62B433612}") = "scdType6Dimension", "scdType6Dimension\scdType6Dimension.sqlproj", "{CA3004E5-8E69-4FE4-AA79-EDE61F7F43A7}"
EndProject
Project("{00D1A9C2-B5F0-4AF3-8072-F6C62B433612}") = "scdRpSourceView", "scdRpSourceView\scdRpSourceView.sqlproj", "{5AF48C0C-B815-4282-B27F-0DBCFFABE019}"
EndProject
Global
	GlobalSection(SolutionConfigurationPlatforms) = preSolution
		Debug|Any CPU = Debug|Any CPU
		Release|Any CPU = Release|Any CPU
	EndGlobalSection
	GlobalSection(ProjectConfigurationPlatforms) = postSolution
		{5FD7CDE2-2C10-42CE-987D-11BC66283045}.Debug|Any CPU.ActiveCfg = Debug|Any CPU
		{5FD7CDE2-2C10-42CE-987D-11BC66283045}.Debug|Any CPU.Build.0 = Debug|Any CPU
		{5FD7CDE2-2C10-42CE-987D-11BC66283045}.Debug|Any CPU.Deploy.0 = Debug|Any CPU
		{5FD7CDE2-2C10-42CE-987D-11BC66283045}.Release|Any CPU.ActiveCfg = Release|Any CPU
		{5FD7CDE2-2C10-42CE-987D-11BC66283045}.Release|Any CPU.Build.0 = Release|Any CPU
		{5FD7CDE2-2C10-42CE-987D-11BC66283045}.Release|Any CPU.Deploy.0 = Release|Any CPU
		{CA3004E5-8E69-4FE4-AA79-EDE61F7F43A7}.Debug|Any CPU.ActiveCfg = Debug|Any CPU
		{CA3004E5-8E69-4FE4-AA79-EDE61F7F43A7}.Debug|Any CPU.Build.0 = Debug|Any CPU
		{CA3004E5-8E69-4FE4-AA79-EDE61F7F43A7}.Debug|Any CPU.Deploy.0 = Debug|Any CPU
		{CA3004E5-8E69-4FE4-AA79-EDE61F7F43A7}.Release|Any CPU.ActiveCfg = Release|Any CPU
		{CA3004E5-8E69-4FE4-AA79-EDE61F7F43A7}.Release|Any CPU.Build.0 = Release|Any CPU
		{CA3004E5-8E69-4FE4-AA79-EDE61F7F43A7}.Release|Any CPU.Deploy.0 = Release|Any CPU
		{5AF48C0C-B815-4282-B27F-0DBCFFABE019}.Debug|Any CPU.ActiveCfg = Debug|Any CPU
		{5AF48C0C-B815-4282-B27F-0DBCFFABE019}.Debug|Any CPU.Build.0 = Debug|Any CPU
		{5AF48C0C-B815-4282-B27F-0DBCFFABE019}.Debug|Any CPU.Deploy.0 = Debug|Any CPU
		{5AF48C0C-B815-4282-B27F-0DBCFFABE019}.Release|Any CPU.ActiveCfg = Release|Any CPU
		{5AF48C0C-B815-4282-B27F-0DBCFFABE019}.Release|Any CPU.Build.0 = Release|Any CPU
		{5AF48C0C-B815-4282-B27F-0DBCFFABE019}.Release|Any CPU.Deploy.0 = Release|Any CPU
	EndGlobalSection
	GlobalSection(SolutionProperties) = preSolution
		HideSolutionNode = FALSE
	EndGlobalSection
	GlobalSection(ExtensibilityGlobals) = postSolution
		SolutionGuid = {12E43412-AE99-4F3D-B42D-458A958AF561}
	EndGlobalSection
EndGlobal
